{
  "name": "my-dataform-project",
  "version": "1.0.0",
  "lockfileVersion": 2,
  "requires": true,
  "packages": {
    "": {
      "name": "my-dataform-project",
      "version": "1.0.0",
      "dependencies": {
        "@dataform/core": ">=1.0.0"
      }
    },
    "node_modules/@dataform/core": {
      "version": "3.0.27",
      "resolved": "https://registry.npmjs.org/@dataform/core/-/core-3.0.27.tgz",
      "integrity": "sha512-U1CsepFTwG91GbUW974LH5c9VbyXUoetCoDbkhtZjX9zxbzYjcN4cSdHcTCjrsTmM9Tkprgqop/B78yZh5EptQ=="
    }
  },
  "dependencies": {
    "@dataform/core": {
      "version": "3.0.27",
      "resolved": "https://registry.npmjs.org/@dataform/core/-/core-3.0.27.tgz",
      "integrity": "sha512-U1CsepFTwG91GbUW974LH5c9VbyXUoetCoDbkhtZjX9zxbzYjcN4cSdHcTCjrsTmM9Tkprgqop/B78yZh5EptQ=="
    }
  }
}
